
Microsoft Visual Studio Solution File, Format Version 12.00
# Visual Studio 15
VisualStudioVersion = 15.0.27004.2008
MinimumVisualStudioVersion = 10.0.40219.1
Project("{FAE04EC0-301F-11D3-BF4B-00C04F79EFBC}") = "MVC5Beginners", "MVC5Beginners\MVC5Beginners.csproj", "{2573129D-EAEF-4D72-9FAB-48FF6C0944FB}"
EndProject
Global
	GlobalSection(SolutionConfigurationPlatforms) = preSolution
		Debug|Any CPU = Debug|Any CPU
		Release|Any CPU = Release|Any CPU
	EndGlobalSection
	GlobalSection(ProjectConfigurationPlatforms) = postSolution
		{2573129D-EAEF-4D72-9FAB-48FF6C0944FB}.Debug|Any CPU.ActiveCfg = Debug|Any CPU
		{2573129D-EAEF-4D72-9FAB-48FF6C0944FB}.Debug|Any CPU.Build.0 = Debug|Any CPU
		{2573129D-EAEF-4D72-9FAB-48FF6C0944FB}.Release|Any CPU.ActiveCfg = Release|Any CPU
		{2573129D-EAEF-4D72-9FAB-48FF6C0944FB}.Release|Any CPU.Build.0 = Release|Any CPU
	EndGlobalSection
	GlobalSection(SolutionProperties) = preSolution
		HideSolutionNode = FALSE
	EndGlobalSection
	GlobalSection(ExtensibilityGlobals) = postSolution
		SolutionGuid = {7C39A1BA-B562-4149-A1B5-893FCDDFFC39}
	EndGlobalSection
EndGlobal
